PODS:
  - ObjectMapper-JX (4.2.0-v1)
  - QMUIKit/QMUICore (4.4.3):
    - QMUIKit/QMUILog
    - QMUIKit/QMUIWeakObjectContainer
  - QMUIKit/QMUILog (4.4.3)
  - QMUIKit/QMUIWeakObjectContainer (4.4.3)
  - SWFrame/Core (2.0.2):
    - ObjectMapper-JX (= 4.2.0-v1)
    - QMUIKit/QMUICore (= 4.4.3)
    - SwifterSwift/SwiftStdlib (= 5.2.0)
    - SwiftyBeaver (= 1.9.5)
  - SwifterSwift/SwiftStdlib (5.2.0)
  - SwiftyBeaver (1.9.5)
  - XYAcc-Model (1.0.1):
    - SWFrame/Core (= 2.0.2)

DEPENDENCIES:
  - XYAcc-Model (from `../`)

SPEC REPOS:
  https://github.com/CocoaPods/Specs.git:
    - ObjectMapper-JX
    - QMUIKit
    - SWFrame
    - SwifterSwift
    - SwiftyBeaver

EXTERNAL SOURCES:
  XYAcc-Model:
    :path: "../"

SPEC CHECKSUMS:
  ObjectMapper-JX: 6192e0fef1cf50f566ca9e4a1c3d28f884beb121
  QMUIKit: 5da6e59d5d312681ee45706af42fd3af7b4f55eb
  SWFrame: 7fbb81ae81d1267a23b85d0c887a6d2e8b677caf
  SwifterSwift: 334181863c416882d97b7a60c05054d9e4d799e2
  SwiftyBeaver: 84069991dd5dca07d7069100985badaca7f0ce82
  XYAcc-Model: aa4338231a409cc40f921ea4797aa4934df62abd

PODFILE CHECKSUM: 11dd91e71566cfece1a1b9efd537d3b3b54cc8f1

COCOAPODS: 1.11.2
